// !$*UTF8*$!
{
	archiveVersion = 1;
	classes = {
	};
	objectVersion = 46;
	objects = {

/* Begin PBXBuildFile section */
		2608BC411C2838660023527A /* YSKRecognizerViewController.xib in Resources */ = {isa = PBXBuildFile; fileRef = 2608BC401C2838660023527A /* YSKRecognizerViewController.xib */; };
		264491061C22C52000015FAF /* main.m in Sources */ = {isa = PBXBuildFile; fileRef = 264491051C22C52000015FAF /* main.m */; };
		264491091C22C52000015FAF /* YSKAppDelegate.m in Sources */ = {isa = PBXBuildFile; fileRef = 264491081C22C52000015FAF /* YSKAppDelegate.m */; };
		2644910C1C22C52000015FAF /* YSKRecognizerViewController.m in Sources */ = {isa = PBXBuildFile; fileRef = 2644910B1C22C52000015FAF /* YSKRecognizerViewController.m */; };
		264491111C22C52000015FAF /* Assets.xcassets in Resources */ = {isa = PBXBuildFile; fileRef = 264491101C22C52000015FAF /* Assets.xcassets */; };
		264491141C22C52000015FAF /* LaunchScreen.storyboard in Resources */ = {isa = PBXBuildFile; fileRef = 264491121C22C52000015FAF /* LaunchScreen.storyboard */; };
		26E815C21FC5984700574EC4 /* YSKButton.m in Sources */ = {isa = PBXBuildFile; fileRef = 26E815B91FC5984600574EC4 /* YSKButton.m */; };
		26E815C31FC5984700574EC4 /* YSKTextView.m in Sources */ = {isa = PBXBuildFile; fileRef = 26E815BB1FC5984600574EC4 /* YSKTextView.m */; };
		26E815C41FC5984700574EC4 /* UIColor+Hex.m in Sources */ = {isa = PBXBuildFile; fileRef = 26E815BE1FC5984600574EC4 /* UIColor+Hex.m */; };
		26E815C51FC5984700574EC4 /* YSKAppearanceSettings.m in Sources */ = {isa = PBXBuildFile; fileRef = 26E815C11FC5984600574EC4 /* YSKAppearanceSettings.m */; };
		FD026438B7F6AAEB37ED9EAE /* libPods-RecognizerUISample.a in Frameworks */ = {isa = PBXBuildFile; fileRef = 5EA162D16BCF72483098C730 /* libPods-RecognizerUISample.a */; };
/* End PBXBuildFile section */

/* Begin PBXFileReference section */
		1AF1701A75D6D21B089FA06B /* Pods-RecognizerUISample.debug.xcconfig */ = {isa = PBXFileReference; includeInIndex = 1; lastKnownFileType = text.xcconfig; name = "Pods-RecognizerUISample.debug.xcconfig"; path = "../Pods/Target Support Files/Pods-RecognizerUISample/Pods-RecognizerUISample.debug.xcconfig"; sourceTree = "<group>"; };
		2608BC401C2838660023527A /* YSKRecognizerViewController.xib */ = {isa = PBXFileReference; fileEncoding = 4; lastKnownFileType = file.xib; path = YSKRecognizerViewController.xib; sourceTree = "<group>"; };
		264491011C22C52000015FAF /* RecognizerUI.app */ = {isa = PBXFileReference; explicitFileType = wrapper.application; includeInIndex = 0; path = RecognizerUI.app; sourceTree = BUILT_PRODUCTS_DIR; };
		264491051C22C52000015FAF /* main.m */ = {isa = PBXFileReference; lastKnownFileType = sourcecode.c.objc; path = main.m; sourceTree = "<group>"; };
		264491071C22C52000015FAF /* YSKAppDelegate.h */ = {isa = PBXFileReference; lastKnownFileType = sourcecode.c.h; path = YSKAppDelegate.h; sourceTree = "<group>"; };
		264491081C22C52000015FAF /* YSKAppDelegate.m */ = {isa = PBXFileReference; lastKnownFileType = sourcecode.c.objc; path = YSKAppDelegate.m; sourceTree = "<group>"; };
		2644910A1C22C52000015FAF /* YSKRecognizerViewController.h */ = {isa = PBXFileReference; lastKnownFileType = sourcecode.c.h; path = YSKRecognizerViewController.h; sourceTree = "<group>"; };
		2644910B1C22C52000015FAF /* YSKRecognizerViewController.m */ = {isa = PBXFileReference; lastKnownFileType = sourcecode.c.objc; path = YSKRecognizerViewController.m; sourceTree = "<group>"; };
		264491101C22C52000015FAF /* Assets.xcassets */ = {isa = PBXFileReference; lastKnownFileType = folder.assetcatalog; path = Assets.xcassets; sourceTree = "<group>"; };
		264491131C22C52000015FAF /* Base */ = {isa = PBXFileReference; lastKnownFileType = file.storyboard; name = Base; path = Base.lproj/LaunchScreen.storyboard; sourceTree = "<group>"; };
		264491151C22C52000015FAF /* Info.plist */ = {isa = PBXFileReference; lastKnownFileType = text.plist.xml; path = Info.plist; sourceTree = "<group>"; };
		26E815B81FC5984600574EC4 /* YSKButton.h */ = {isa = PBXFileReference; fileEncoding = 4; lastKnownFileType = sourcecode.c.h; path = YSKButton.h; sourceTree = "<group>"; };
		26E815B91FC5984600574EC4 /* YSKButton.m */ = {isa = PBXFileReference; fileEncoding = 4; lastKnownFileType = sourcecode.c.objc; path = YSKButton.m; sourceTree = "<group>"; };
		26E815BA1FC5984600574EC4 /* YSKTextView.h */ = {isa = PBXFileReference; fileEncoding = 4; lastKnownFileType = sourcecode.c.h; path = YSKTextView.h; sourceTree = "<group>"; };
		26E815BB1FC5984600574EC4 /* YSKTextView.m */ = {isa = PBXFileReference; fileEncoding = 4; lastKnownFileType = sourcecode.c.objc; path = YSKTextView.m; sourceTree = "<group>"; };
		26E815BD1FC5984600574EC4 /* UIColor+Hex.h */ = {isa = PBXFileReference; fileEncoding = 4; lastKnownFileType = sourcecode.c.h; path = "UIColor+Hex.h"; sourceTree = "<group>"; };
		26E815BE1FC5984600574EC4 /* UIColor+Hex.m */ = {isa = PBXFileReference; fileEncoding = 4; lastKnownFileType = sourcecode.c.objc; path = "UIColor+Hex.m"; sourceTree = "<group>"; };
		26E815C01FC5984600574EC4 /* YSKAppearanceSettings.h */ = {isa = PBXFileReference; fileEncoding = 4; lastKnownFileType = sourcecode.c.h; path = YSKAppearanceSettings.h; sourceTree = "<group>"; };
		26E815C11FC5984600574EC4 /* YSKAppearanceSettings.m */ = {isa = PBXFileReference; fileEncoding = 4; lastKnownFileType = sourcecode.c.objc; path = YSKAppearanceSettings.m; sourceTree = "<group>"; };
		5EA162D16BCF72483098C730 /* libPods-RecognizerUISample.a */ = {isa = PBXFileReference; explicitFileType = archive.ar; includeInIndex = 0; path = "libPods-RecognizerUISample.a"; sourceTree = BUILT_PRODUCTS_DIR; };
		5EEB340917F0C85A61998B0D /* Pods-RecognizerUISample.release.xcconfig */ = {isa = PBXFileReference; includeInIndex = 1; lastKnownFileType = text.xcconfig; name = "Pods-RecognizerUISample.release.xcconfig"; path = "Pods/Target Support Files/Pods-RecognizerUISample/Pods-RecognizerUISample.release.xcconfig"; sourceTree = "<group>"; };
		8F5EF30CF1ADC202912FC5C4 /* Pods-RecognizerUISample.debug.xcconfig */ = {isa = PBXFileReference; includeInIndex = 1; lastKnownFileType = text.xcconfig; name = "Pods-RecognizerUISample.debug.xcconfig"; path = "Pods/Target Support Files/Pods-RecognizerUISample/Pods-RecognizerUISample.debug.xcconfig"; sourceTree = "<group>"; };
		EF106BFFF28105342E393B70 /* Pods-RecognizerUISample.release.xcconfig */ = {isa = PBXFileReference; includeInIndex = 1; lastKnownFileType = text.xcconfig; name = "Pods-RecognizerUISample.release.xcconfig"; path = "../Pods/Target Support Files/Pods-RecognizerUISample/Pods-RecognizerUISample.release.xcconfig"; sourceTree = "<group>"; };
/* End PBXFileReference section */

/* Begin PBXFrameworksBuildPhase section */
		264490FE1C22C52000015FAF /* Frameworks */ = {
			isa = PBXFrameworksBuildPhase;
			buildActionMask = 2147483647;
			files = (
				FD026438B7F6AAEB37ED9EAE /* libPods-RecognizerUISample.a in Frameworks */,
			);
			runOnlyForDeploymentPostprocessing = 0;
		};
/* End PBXFrameworksBuildPhase section */

/* Begin PBXGroup section */
		0800E91AB3684E2FFB62A989 /* Pods */ = {
			isa = PBXGroup;
			children = (
				1AF1701A75D6D21B089FA06B /* Pods-RecognizerUISample.debug.xcconfig */,
				EF106BFFF28105342E393B70 /* Pods-RecognizerUISample.release.xcconfig */,
				8F5EF30CF1ADC202912FC5C4 /* Pods-RecognizerUISample.debug.xcconfig */,
				5EEB340917F0C85A61998B0D /* Pods-RecognizerUISample.release.xcconfig */,
			);
			name = Pods;
			sourceTree = "<group>";
		};
		264490F81C22C52000015FAF = {
			isa = PBXGroup;
			children = (
				264491031C22C52000015FAF /* RecognizerUISample */,
				264491021C22C52000015FAF /* Products */,
				5B29DA3E8D9ED218AAD75B53 /* Frameworks */,
				0800E91AB3684E2FFB62A989 /* Pods */,
			);
			sourceTree = "<group>";
		};
		264491021C22C52000015FAF /* Products */ = {
			isa = PBXGroup;
			children = (
				264491011C22C52000015FAF /* RecognizerUI.app */,
			);
			name = Products;
			sourceTree = "<group>";
		};
		264491031C22C52000015FAF /* RecognizerUISample */ = {
			isa = PBXGroup;
			children = (
				26E815BC1FC5984600574EC4 /* categories */,
				26E815BF1FC5984600574EC4 /* utils */,
				26E815B71FC5984600574EC4 /* views */,
				264491071C22C52000015FAF /* YSKAppDelegate.h */,
				264491081C22C52000015FAF /* YSKAppDelegate.m */,
				2644910A1C22C52000015FAF /* YSKRecognizerViewController.h */,
				2644910B1C22C52000015FAF /* YSKRecognizerViewController.m */,
				2608BC401C2838660023527A /* YSKRecognizerViewController.xib */,
				264491101C22C52000015FAF /* Assets.xcassets */,
				264491121C22C52000015FAF /* LaunchScreen.storyboard */,
				264491151C22C52000015FAF /* Info.plist */,
				264491041C22C52000015FAF /* Supporting Files */,
			);
			path = RecognizerUISample;
			sourceTree = "<group>";
		};
		264491041C22C52000015FAF /* Supporting Files */ = {
			isa = PBXGroup;
			children = (
				264491051C22C52000015FAF /* main.m */,
			);
			name = "Supporting Files";
			sourceTree = "<group>";
		};
		26E815B71FC5984600574EC4 /* views */ = {
			isa = PBXGroup;
			children = (
				26E815B81FC5984600574EC4 /* YSKButton.h */,
				26E815B91FC5984600574EC4 /* YSKButton.m */,
				26E815BA1FC5984600574EC4 /* YSKTextView.h */,
				26E815BB1FC5984600574EC4 /* YSKTextView.m */,
			);
			path = views;
			sourceTree = "<group>";
		};
		26E815BC1FC5984600574EC4 /* categories */ = {
			isa = PBXGroup;
			children = (
				26E815BD1FC5984600574EC4 /* UIColor+Hex.h */,
				26E815BE1FC5984600574EC4 /* UIColor+Hex.m */,
			);
			path = categories;
			sourceTree = "<group>";
		};
		26E815BF1FC5984600574EC4 /* utils */ = {
			isa = PBXGroup;
			children = (
				26E815C01FC5984600574EC4 /* YSKAppearanceSettings.h */,
				26E815C11FC5984600574EC4 /* YSKAppearanceSettings.m */,
			);
			path = utils;
			sourceTree = "<group>";
		};
		5B29DA3E8D9ED218AAD75B53 /* Frameworks */ = {
			isa = PBXGroup;
			children = (
				5EA162D16BCF72483098C730 /* libPods-RecognizerUISample.a */,
			);
			name = Frameworks;
			sourceTree = "<group>";
		};
/* End PBXGroup section */

/* Begin PBXNativeTarget section */
		264491001C22C52000015FAF /* RecognizerUISample */ = {
			isa = PBXNativeTarget;
			buildConfigurationList = 264491181C22C52000015FAF /* Build configuration list for PBXNativeTarget "RecognizerUISample" */;
			buildPhases = (
				93624CC4873339D5ACB77DDE /* [CP] Check Pods Manifest.lock */,
				264490FD1C22C52000015FAF /* Sources */,
				264490FE1C22C52000015FAF /* Frameworks */,
				264490FF1C22C52000015FAF /* Resources */,
				84FE6C6B000CD590B8DED3CC /* [CP] Copy Pods Resources */,
			);
			buildRules = (
			);
			dependencies = (
			);
			name = RecognizerUISample;
			productName = RecognizerUISample;
			productReference = 264491011C22C52000015FAF /* RecognizerUI.app */;
			productType = "com.apple.product-type.application";
		};
/* End PBXNativeTarget section */

/* Begin PBXProject section */
		264490F91C22C52000015FAF /* Project object */ = {
			isa = PBXProject;
			attributes = {
				LastUpgradeCheck = 0910;
				ORGANIZATIONNAME = "Yandex LLC";
				TargetAttributes = {
					264491001C22C52000015FAF = {
						CreatedOnToolsVersion = 7.2;
					};
				};
			};
			buildConfigurationList = 264490FC1C22C52000015FAF /* Build configuration list for PBXProject "RecognizerUISample" */;
			compatibilityVersion = "Xcode 3.2";
			developmentRegion = English;
			hasScannedForEncodings = 0;
			knownRegions = (
				en,
				Base,
			);
			mainGroup = 264490F81C22C52000015FAF;
			productRefGroup = 264491021C22C52000015FAF /* Products */;
			projectDirPath = "";
			projectRoot = "";
			targets = (
				264491001C22C52000015FAF /* RecognizerUISample */,
			);
		};
/* End PBXProject section */

/* Begin PBXResourcesBuildPhase section */
		264490FF1C22C52000015FAF /* Resources */ = {
			isa = PBXResourcesBuildPhase;
			buildActionMask = 2147483647;
			files = (
				264491141C22C52000015FAF /* LaunchScreen.storyboard in Resources */,
				264491111C22C52000015FAF /* Assets.xcassets in Resources */,
				2608BC411C2838660023527A /* YSKRecognizerViewController.xib in Resources */,
			);
			runOnlyForDeploymentPostprocessing = 0;
		};
/* End PBXResourcesBuildPhase section */

/* Begin PBXShellScriptBuildPhase section */
		84FE6C6B000CD590B8DED3CC /* [CP] Copy Pods Resources */ = {
			isa = PBXShellScriptBuildPhase;
			buildActionMask = 2147483647;
			files = (
			);
			inputPaths = (
				"${SRCROOT}/Pods/Target Support Files/Pods-RecognizerUISample/Pods-RecognizerUISample-resources.sh",
				"${PODS_ROOT}/YandexSpeechKit/YandexSpeechKit.framework/Versions/A/Resources/YandexSpeechKit.bundle",
			);
			name = "[CP] Copy Pods Resources";
			outputPaths = (
				"${TARGET_BUILD_DIR}/${UNLOCALIZED_RESOURCES_FOLDER_PATH}/YandexSpeechKit.bundle",
			);
			runOnlyForDeploymentPostprocessing = 0;
			shellPath = /bin/sh;
			shellScript = "\"${SRCROOT}/Pods/Target Support Files/Pods-RecognizerUISample/Pods-RecognizerUISample-resources.sh\"\n";
			showEnvVarsInLog = 0;
		};
		93624CC4873339D5ACB77DDE /* [CP] Check Pods Manifest.lock */ = {
			isa = PBXShellScriptBuildPhase;
			buildActionMask = 2147483647;
			files = (
			);
			inputPaths = (
				"${PODS_PODFILE_DIR_PATH}/Podfile.lock",
				"${PODS_ROOT}/Manifest.lock",
			);
			name = "[CP] Check Pods Manifest.lock";
			outputPaths = (
				"$(DERIVED_FILE_DIR)/Pods-RecognizerUISample-checkManifestLockResult.txt",
			);
			runOnlyForDeploymentPostprocessing = 0;
			shellPath = /bin/sh;
			shellScript = "diff \"${PODS_PODFILE_DIR_PATH}/Podfile.lock\" \"${PODS_ROOT}/Manifest.lock\" > /dev/null\nif [ $? != 0 ] ; then\n    # print error to STDERR\n    echo \"error: The sandbox is not in sync with the Podfile.lock. Run 'pod install' or update your CocoaPods installation.\" >&2\n    exit 1\nfi\n# This output is used by Xcode 'outputs' to avoid re-running this script phase.\necho \"SUCCESS\" > \"${SCRIPT_OUTPUT_FILE_0}\"\n";
			showEnvVarsInLog = 0;
		};
/* End PBXShellScriptBuildPhase section */

/* Begin PBXSourcesBuildPhase section */
		264490FD1C22C52000015FAF /* Sources */ = {
			isa = PBXSourcesBuildPhase;
			buildActionMask = 2147483647;
			files = (
				2644910C1C22C52000015FAF /* YSKRecognizerViewController.m in Sources */,
				26E815C41FC5984700574EC4 /* UIColor+Hex.m in Sources */,
				26E815C21FC5984700574EC4 /* YSKButton.m in Sources */,
				264491091C22C52000015FAF /* YSKAppDelegate.m in Sources */,
				26E815C51FC5984700574EC4 /* YSKAppearanceSettings.m in Sources */,
				26E815C31FC5984700574EC4 /* YSKTextView.m in Sources */,
				264491061C22C52000015FAF /* main.m in Sources */,
			);
			runOnlyForDeploymentPostprocessing = 0;
		};
/* End PBXSourcesBuildPhase section */

/* Begin PBXVariantGroup section */
		264491121C22C52000015FAF /* LaunchScreen.storyboard */ = {
			isa = PBXVariantGroup;
			children = (
				264491131C22C52000015FAF /* Base */,
			);
			name = LaunchScreen.storyboard;
			sourceTree = "<group>";
		};
/* End PBXVariantGroup section */

/* Begin XCBuildConfiguration section */
		264491161C22C52000015FAF /* Debug */ = {
			isa = XCBuildConfiguration;
			buildSettings = {
				ALWAYS_SEARCH_USER_PATHS = NO;
				CLANG_CXX_LANGUAGE_STANDARD = "gnu++0x";
				CLANG_CXX_LIBRARY = "libc++";
				CLANG_ENABLE_MODULES = YES;
				CLANG_ENABLE_OBJC_ARC = YES;
				CLANG_WARN_BLOCK_CAPTURE_AUTORELEASING = YES;
				CLANG_WARN_BOOL_CONVERSION = YES;
				CLANG_WARN_COMMA = YES;
				CLANG_WARN_CONSTANT_CONVERSION = YES;
				CLANG_WARN_DIRECT_OBJC_ISA_USAGE = YES_ERROR;
				CLANG_WARN_EMPTY_BODY = YES;
				CLANG_WARN_ENUM_CONVERSION = YES;
				CLANG_WARN_INFINITE_RECURSION = YES;
				CLANG_WARN_INT_CONVERSION = YES;
				CLANG_WARN_NON_LITERAL_NULL_CONVERSION = YES;
				CLANG_WARN_OBJC_LITERAL_CONVERSION = YES;
				CLANG_WARN_OBJC_ROOT_CLASS = YES_ERROR;
				CLANG_WARN_RANGE_LOOP_ANALYSIS = YES;
				CLANG_WARN_STRICT_PROTOTYPES = YES;
				CLANG_WARN_SUSPICIOUS_MOVE = YES;
				CLANG_WARN_UNREACHABLE_CODE = YES;
				CLANG_WARN__DUPLICATE_METHOD_MATCH = YES;
				"CODE_SIGN_IDENTITY[sdk=iphoneos*]" = "iPhone Developer";
				COPY_PHASE_STRIP = NO;
				DEBUG_INFORMATION_FORMAT = dwarf;
				ENABLE_STRICT_OBJC_MSGSEND = YES;
				ENABLE_TESTABILITY = YES;
				GCC_C_LANGUAGE_STANDARD = gnu99;
				GCC_DYNAMIC_NO_PIC = NO;
				GCC_NO_COMMON_BLOCKS = YES;
				GCC_OPTIMIZATION_LEVEL = 0;
				GCC_PREPROCESSOR_DEFINITIONS = (
					"DEBUG=1",
					"$(inherited)",
				);
				GCC_WARN_64_TO_32_BIT_CONVERSION = YES;
				GCC_WARN_ABOUT_RETURN_TYPE = YES_ERROR;
				GCC_WARN_UNDECLARED_SELECTOR = YES;
				GCC_WARN_UNINITIALIZED_AUTOS = YES_AGGRESSIVE;
				GCC_WARN_UNUSED_FUNCTION = YES;
				GCC_WARN_UNUSED_VARIABLE = YES;
				IPHONEOS_DEPLOYMENT_TARGET = 9.2;
				MTL_ENABLE_DEBUG_INFO = YES;
				ONLY_ACTIVE_ARCH = YES;
				SDKROOT = iphoneos;
				TARGETED_DEVICE_FAMILY = "1,2";
			};
			name = Debug;
		};
		264491171C22C52000015FAF /* Release */ = {
			isa = XCBuildConfiguration;
			buildSettings = {
				ALWAYS_SEARCH_USER_PATHS = NO;
				CLANG_CXX_LANGUAGE_STANDARD = "gnu++0x";
				CLANG_CXX_LIBRARY = "libc++";
				CLANG_ENABLE_MODULES = YES;
				CLANG_ENABLE_OBJC_ARC = YES;
				CLANG_WARN_BLOCK_CAPTURE_AUTORELEASING = YES;
				CLANG_WARN_BOOL_CONVERSION = YES;
				CLANG_WARN_COMMA = YES;
				CLANG_WARN_CONSTANT_CONVERSION = YES;
				CLANG_WARN_DIRECT_OBJC_ISA_USAGE = YES_ERROR;
				CLANG_WARN_EMPTY_BODY = YES;
				CLANG_WARN_ENUM_CONVERSION = YES;
				CLANG_WARN_INFINITE_RECURSION = YES;
				CLANG_WARN_INT_CONVERSION = YES;
				CLANG_WARN_NON_LITERAL_NULL_CONVERSION = YES;
				CLANG_WARN_OBJC_LITERAL_CONVERSION = YES;
				CLANG_WARN_OBJC_ROOT_CLASS = YES_ERROR;
				CLANG_WARN_RANGE_LOOP_ANALYSIS = YES;
				CLANG_WARN_STRICT_PROTOTYPES = YES;
				CLANG_WARN_SUSPICIOUS_MOVE = YES;
				CLANG_WARN_UNREACHABLE_CODE = YES;
				CLANG_WARN__DUPLICATE_METHOD_MATCH = YES;
				"CODE_SIGN_IDENTITY[sdk=iphoneos*]" = "iPhone Developer";
				COPY_PHASE_STRIP = NO;
				DEBUG_INFORMATION_FORMAT = "dwarf-with-dsym";
				ENABLE_NS_ASSERTIONS = NO;
				ENABLE_STRICT_OBJC_MSGSEND = YES;
				GCC_C_LANGUAGE_STANDARD = gnu99;
				GCC_NO_COMMON_BLOCKS = YES;
				GCC_WARN_64_TO_32_BIT_CONVERSION = YES;
				GCC_WARN_ABOUT_RETURN_TYPE = YES_ERROR;
				GCC_WARN_UNDECLARED_SELECTOR = YES;
				GCC_WARN_UNINITIALIZED_AUTOS = YES_AGGRESSIVE;
				GCC_WARN_UNUSED_FUNCTION = YES;
				GCC_WARN_UNUSED_VARIABLE = YES;
				IPHONEOS_DEPLOYMENT_TARGET = 9.2;
				MTL_ENABLE_DEBUG_INFO = NO;
				SDKROOT = iphoneos;
				TARGETED_DEVICE_FAMILY = "1,2";
				VALIDATE_PRODUCT = YES;
			};
			name = Release;
		};
		264491191C22C52000015FAF /* Debug */ = {
			isa = XCBuildConfiguration;
			baseConfigurationReference = 8F5EF30CF1ADC202912FC5C4 /* Pods-RecognizerUISample.debug.xcconfig */;
			buildSettings = {
				ASSETCATALOG_COMPILER_APPICON_NAME = AppIcon;
				CODE_SIGN_IDENTITY = "iPhone Developer";
				"CODE_SIGN_IDENTITY[sdk=iphoneos*]" = "iPhone Developer";
				DEVELOPMENT_TEAM = "";
				INFOPLIST_FILE = RecognizerUISample/Info.plist;
				IPHONEOS_DEPLOYMENT_TARGET = 9.0;
				LD_RUNPATH_SEARCH_PATHS = "$(inherited) @executable_path/Frameworks";
				PRODUCT_BUNDLE_IDENTIFIER = com.yandex.speechkit.RecognizerUISample;
				PRODUCT_NAME = RecognizerUI;
				PROVISIONING_PROFILE = "";
			};
			name = Debug;
		};
		2644911A1C22C52000015FAF /* Release */ = {
			isa = XCBuildConfiguration;
			baseConfigurationReference = 5EEB340917F0C85A61998B0D /* Pods-RecognizerUISample.release.xcconfig */;
			buildSettings = {
				ASSETCATALOG_COMPILER_APPICON_NAME = AppIcon;
				CODE_SIGN_IDENTITY = "iPhone Developer";
				"CODE_SIGN_IDENTITY[sdk=iphoneos*]" = "iPhone Developer";
				DEVELOPMENT_TEAM = "";
				INFOPLIST_FILE = RecognizerUISample/Info.plist;
				IPHONEOS_DEPLOYMENT_TARGET = 9.0;
				LD_RUNPATH_SEARCH_PATHS = "$(inherited) @executable_path/Frameworks";
				PRODUCT_BUNDLE_IDENTIFIER = com.yandex.speechkit.RecognizerUISample;
				PRODUCT_NAME = RecognizerUI;
				PROVISIONING_PROFILE = "";
			};
			name = Release;
		};
/* End XCBuildConfiguration section */

/* Begin XCConfigurationList section */
		264490FC1C22C52000015FAF /* Build configuration list for PBXProject "RecognizerUISample" */ = {
			isa = XCConfigurationList;
			buildConfigurations = (
				264491161C22C52000015FAF /* Debug */,
				264491171C22C52000015FAF /* Release */,
			);
			defaultConfigurationIsVisible = 0;
			defaultConfigurationName = Release;
		};
		264491181C22C52000015FAF /* Build configuration list for PBXNativeTarget "RecognizerUISample" */ = {
			isa = XCConfigurationList;
			buildConfigurations = (
				264491191C22C52000015FAF /* Debug */,
				2644911A1C22C52000015FAF /* Release */,
			);
			defaultConfigurationIsVisible = 0;
			defaultConfigurationName = Release;
		};
/* End XCConfigurationList section */
	};
	rootObject = 264490F91C22C52000015FAF /* Project object */;
}
