// !$*UTF8*$!
{
	archiveVersion = 1;
	classes = {
	};
	objectVersion = 46;
	objects = {

/* Begin PBXBuildFile section */
		2605375F1FC6B81D00E7DED5 /* YSKAppearanceSettings.swift in Sources */ = {isa = PBXBuildFile; fileRef = 260537591FC6B81C00E7DED5 /* YSKAppearanceSettings.swift */; };
		260537601FC6B81D00E7DED5 /* YSKButton.swift in Sources */ = {isa = PBXBuildFile; fileRef = 2605375B1FC6B81C00E7DED5 /* YSKButton.swift */; };
		260537611FC6B81D00E7DED5 /* YSKTextView.swift in Sources */ = {isa = PBXBuildFile; fileRef = 2605375C1FC6B81C00E7DED5 /* YSKTextView.swift */; };
		260537621FC6B81D00E7DED5 /* UIColor+Hex.swift in Sources */ = {isa = PBXBuildFile; fileRef = 2605375E1FC6B81C00E7DED5 /* UIColor+Hex.swift */; };
		2635F9C21DAF9EF600001201 /* AppDelegate.swift in Sources */ = {isa = PBXBuildFile; fileRef = 2635F9C11DAF9EF600001201 /* AppDelegate.swift */; };
		2635F9C91DAF9EF600001201 /* Assets.xcassets in Resources */ = {isa = PBXBuildFile; fileRef = 2635F9C81DAF9EF600001201 /* Assets.xcassets */; };
		2635F9D51DAFA14F00001201 /* LaunchScreen.storyboard in Resources */ = {isa = PBXBuildFile; fileRef = 2635F9D31DAFA14F00001201 /* LaunchScreen.storyboard */; };
		2635F9D91DAFA2B800001201 /* YSKPhraseSpotterViewController.swift in Sources */ = {isa = PBXBuildFile; fileRef = 2635F9D71DAFA2B800001201 /* YSKPhraseSpotterViewController.swift */; };
		2635F9DA1DAFA2B800001201 /* YSKPhraseSpotterViewController.xib in Resources */ = {isa = PBXBuildFile; fileRef = 2635F9D81DAFA2B800001201 /* YSKPhraseSpotterViewController.xib */; };
		2635F9E11DAFADB600001201 /* phrase_spotter_model in Resources */ = {isa = PBXBuildFile; fileRef = 2635F9E01DAFADB600001201 /* phrase_spotter_model */; };
		7F103BFE46C1CD10D855258A /* libPods-PhraseSpotterSwiftSample.a in Frameworks */ = {isa = PBXBuildFile; fileRef = 8F0B6F4FB1A72E892C33F6D1 /* libPods-PhraseSpotterSwiftSample.a */; };
/* End PBXBuildFile section */

/* Begin PBXFileReference section */
		260537591FC6B81C00E7DED5 /* YSKAppearanceSettings.swift */ = {isa = PBXFileReference; fileEncoding = 4; lastKnownFileType = sourcecode.swift; path = YSKAppearanceSettings.swift; sourceTree = "<group>"; };
		2605375B1FC6B81C00E7DED5 /* YSKButton.swift */ = {isa = PBXFileReference; fileEncoding = 4; lastKnownFileType = sourcecode.swift; path = YSKButton.swift; sourceTree = "<group>"; };
		2605375C1FC6B81C00E7DED5 /* YSKTextView.swift */ = {isa = PBXFileReference; fileEncoding = 4; lastKnownFileType = sourcecode.swift; path = YSKTextView.swift; sourceTree = "<group>"; };
		2605375E1FC6B81C00E7DED5 /* UIColor+Hex.swift */ = {isa = PBXFileReference; fileEncoding = 4; lastKnownFileType = sourcecode.swift; path = "UIColor+Hex.swift"; sourceTree = "<group>"; };
		2635F9BE1DAF9EF600001201 /* PhraseSpotter.app */ = {isa = PBXFileReference; explicitFileType = wrapper.application; includeInIndex = 0; path = PhraseSpotter.app; sourceTree = BUILT_PRODUCTS_DIR; };
		2635F9C11DAF9EF600001201 /* AppDelegate.swift */ = {isa = PBXFileReference; lastKnownFileType = sourcecode.swift; path = AppDelegate.swift; sourceTree = "<group>"; };
		2635F9C81DAF9EF600001201 /* Assets.xcassets */ = {isa = PBXFileReference; lastKnownFileType = folder.assetcatalog; path = Assets.xcassets; sourceTree = "<group>"; };
		2635F9CD1DAF9EF600001201 /* Info.plist */ = {isa = PBXFileReference; lastKnownFileType = text.plist.xml; path = Info.plist; sourceTree = "<group>"; };
		2635F9D41DAFA14F00001201 /* Base */ = {isa = PBXFileReference; lastKnownFileType = file.storyboard; name = Base; path = Base.lproj/LaunchScreen.storyboard; sourceTree = "<group>"; };
		2635F9D61DAFA1D200001201 /* PhraseSpotterSwiftSample-Bridging-Header.h */ = {isa = PBXFileReference; fileEncoding = 4; lastKnownFileType = sourcecode.c.h; path = "PhraseSpotterSwiftSample-Bridging-Header.h"; sourceTree = "<group>"; };
		2635F9D71DAFA2B800001201 /* YSKPhraseSpotterViewController.swift */ = {isa = PBXFileReference; fileEncoding = 4; lastKnownFileType = sourcecode.swift; path = YSKPhraseSpotterViewController.swift; sourceTree = "<group>"; };
		2635F9D81DAFA2B800001201 /* YSKPhraseSpotterViewController.xib */ = {isa = PBXFileReference; fileEncoding = 4; lastKnownFileType = file.xib; path = YSKPhraseSpotterViewController.xib; sourceTree = "<group>"; };
		2635F9E01DAFADB600001201 /* phrase_spotter_model */ = {isa = PBXFileReference; lastKnownFileType = folder; path = phrase_spotter_model; sourceTree = "<group>"; };
		8F0B6F4FB1A72E892C33F6D1 /* libPods-PhraseSpotterSwiftSample.a */ = {isa = PBXFileReference; explicitFileType = archive.ar; includeInIndex = 0; path = "libPods-PhraseSpotterSwiftSample.a"; sourceTree = BUILT_PRODUCTS_DIR; };
		A2E6E6392DAD636A37C466DA /* Pods-PhraseSpotterSwiftSample.debug.xcconfig */ = {isa = PBXFileReference; includeInIndex = 1; lastKnownFileType = text.xcconfig; name = "Pods-PhraseSpotterSwiftSample.debug.xcconfig"; path = "Pods/Target Support Files/Pods-PhraseSpotterSwiftSample/Pods-PhraseSpotterSwiftSample.debug.xcconfig"; sourceTree = "<group>"; };
		F65FFF91510832457B1FAB8D /* Pods-PhraseSpotterSwiftSample.release.xcconfig */ = {isa = PBXFileReference; includeInIndex = 1; lastKnownFileType = text.xcconfig; name = "Pods-PhraseSpotterSwiftSample.release.xcconfig"; path = "Pods/Target Support Files/Pods-PhraseSpotterSwiftSample/Pods-PhraseSpotterSwiftSample.release.xcconfig"; sourceTree = "<group>"; };
/* End PBXFileReference section */

/* Begin PBXFrameworksBuildPhase section */
		2635F9BB1DAF9EF600001201 /* Frameworks */ = {
			isa = PBXFrameworksBuildPhase;
			buildActionMask = 2147483647;
			files = (
				7F103BFE46C1CD10D855258A /* libPods-PhraseSpotterSwiftSample.a in Frameworks */,
			);
			runOnlyForDeploymentPostprocessing = 0;
		};
/* End PBXFrameworksBuildPhase section */

/* Begin PBXGroup section */
		260537581FC6B81C00E7DED5 /* utils */ = {
			isa = PBXGroup;
			children = (
				260537591FC6B81C00E7DED5 /* YSKAppearanceSettings.swift */,
			);
			path = utils;
			sourceTree = "<group>";
		};
		2605375A1FC6B81C00E7DED5 /* views */ = {
			isa = PBXGroup;
			children = (
				2605375B1FC6B81C00E7DED5 /* YSKButton.swift */,
				2605375C1FC6B81C00E7DED5 /* YSKTextView.swift */,
			);
			path = views;
			sourceTree = "<group>";
		};
		2605375D1FC6B81C00E7DED5 /* categories */ = {
			isa = PBXGroup;
			children = (
				2605375E1FC6B81C00E7DED5 /* UIColor+Hex.swift */,
			);
			path = categories;
			sourceTree = "<group>";
		};
		2635F9B51DAF9EF600001201 = {
			isa = PBXGroup;
			children = (
				2635F9C01DAF9EF600001201 /* PhraseSpotterSwiftSample */,
				2635F9BF1DAF9EF600001201 /* Products */,
				4857096656001C029EB9071C /* Pods */,
				8A402D173751A1A8465B9251 /* Frameworks */,
			);
			sourceTree = "<group>";
		};
		2635F9BF1DAF9EF600001201 /* Products */ = {
			isa = PBXGroup;
			children = (
				2635F9BE1DAF9EF600001201 /* PhraseSpotter.app */,
			);
			name = Products;
			sourceTree = "<group>";
		};
		2635F9C01DAF9EF600001201 /* PhraseSpotterSwiftSample */ = {
			isa = PBXGroup;
			children = (
				2605375D1FC6B81C00E7DED5 /* categories */,
				260537581FC6B81C00E7DED5 /* utils */,
				2605375A1FC6B81C00E7DED5 /* views */,
				2635F9C11DAF9EF600001201 /* AppDelegate.swift */,
				2635F9D71DAFA2B800001201 /* YSKPhraseSpotterViewController.swift */,
				2635F9D81DAFA2B800001201 /* YSKPhraseSpotterViewController.xib */,
				2635F9CD1DAF9EF600001201 /* Info.plist */,
				2635F9D31DAFA14F00001201 /* LaunchScreen.storyboard */,
				2635F9D61DAFA1D200001201 /* PhraseSpotterSwiftSample-Bridging-Header.h */,
				2635F9C81DAF9EF600001201 /* Assets.xcassets */,
				2635F9E01DAFADB600001201 /* phrase_spotter_model */,
			);
			path = PhraseSpotterSwiftSample;
			sourceTree = "<group>";
		};
		4857096656001C029EB9071C /* Pods */ = {
			isa = PBXGroup;
			children = (
				A2E6E6392DAD636A37C466DA /* Pods-PhraseSpotterSwiftSample.debug.xcconfig */,
				F65FFF91510832457B1FAB8D /* Pods-PhraseSpotterSwiftSample.release.xcconfig */,
			);
			name = Pods;
			sourceTree = "<group>";
		};
		8A402D173751A1A8465B9251 /* Frameworks */ = {
			isa = PBXGroup;
			children = (
				8F0B6F4FB1A72E892C33F6D1 /* libPods-PhraseSpotterSwiftSample.a */,
			);
			name = Frameworks;
			sourceTree = "<group>";
		};
/* End PBXGroup section */

/* Begin PBXNativeTarget section */
		2635F9BD1DAF9EF600001201 /* PhraseSpotterSwiftSample */ = {
			isa = PBXNativeTarget;
			buildConfigurationList = 2635F9D01DAF9EF600001201 /* Build configuration list for PBXNativeTarget "PhraseSpotterSwiftSample" */;
			buildPhases = (
				F4C173350F5E4F292426FA72 /* [CP] Check Pods Manifest.lock */,
				2635F9BA1DAF9EF600001201 /* Sources */,
				2635F9BB1DAF9EF600001201 /* Frameworks */,
				2635F9BC1DAF9EF600001201 /* Resources */,
				E2BA6FA09F9D3DF03D5D09D7 /* [CP] Copy Pods Resources */,
			);
			buildRules = (
			);
			dependencies = (
			);
			name = PhraseSpotterSwiftSample;
			productName = PhraseSpotterSwiftSample;
			productReference = 2635F9BE1DAF9EF600001201 /* PhraseSpotter.app */;
			productType = "com.apple.product-type.application";
		};
/* End PBXNativeTarget section */

/* Begin PBXProject section */
		2635F9B61DAF9EF600001201 /* Project object */ = {
			isa = PBXProject;
			attributes = {
				LastSwiftUpdateCheck = 0800;
				LastUpgradeCheck = 0910;
				ORGANIZATIONNAME = "Yandex LLC";
				TargetAttributes = {
					2635F9BD1DAF9EF600001201 = {
						CreatedOnToolsVersion = 8.0;
						LastSwiftMigration = 0910;
						ProvisioningStyle = Automatic;
					};
				};
			};
			buildConfigurationList = 2635F9B91DAF9EF600001201 /* Build configuration list for PBXProject "PhraseSpotterSwiftSample" */;
			compatibilityVersion = "Xcode 3.2";
			developmentRegion = English;
			hasScannedForEncodings = 0;
			knownRegions = (
				en,
				Base,
			);
			mainGroup = 2635F9B51DAF9EF600001201;
			productRefGroup = 2635F9BF1DAF9EF600001201 /* Products */;
			projectDirPath = "";
			projectRoot = "";
			targets = (
				2635F9BD1DAF9EF600001201 /* PhraseSpotterSwiftSample */,
			);
		};
/* End PBXProject section */

/* Begin PBXResourcesBuildPhase section */
		2635F9BC1DAF9EF600001201 /* Resources */ = {
			isa = PBXResourcesBuildPhase;
			buildActionMask = 2147483647;
			files = (
				2635F9D51DAFA14F00001201 /* LaunchScreen.storyboard in Resources */,
				2635F9DA1DAFA2B800001201 /* YSKPhraseSpotterViewController.xib in Resources */,
				2635F9C91DAF9EF600001201 /* Assets.xcassets in Resources */,
				2635F9E11DAFADB600001201 /* phrase_spotter_model in Resources */,
			);
			runOnlyForDeploymentPostprocessing = 0;
		};
/* End PBXResourcesBuildPhase section */

/* Begin PBXShellScriptBuildPhase section */
		E2BA6FA09F9D3DF03D5D09D7 /* [CP] Copy Pods Resources */ = {
			isa = PBXShellScriptBuildPhase;
			buildActionMask = 2147483647;
			files = (
			);
			inputPaths = (
				"${SRCROOT}/Pods/Target Support Files/Pods-PhraseSpotterSwiftSample/Pods-PhraseSpotterSwiftSample-resources.sh",
				"${PODS_ROOT}/YandexSpeechKit/YandexSpeechKit.framework/Versions/A/Resources/YandexSpeechKit.bundle",
			);
			name = "[CP] Copy Pods Resources";
			outputPaths = (
				"${TARGET_BUILD_DIR}/${UNLOCALIZED_RESOURCES_FOLDER_PATH}/YandexSpeechKit.bundle",
			);
			runOnlyForDeploymentPostprocessing = 0;
			shellPath = /bin/sh;
			shellScript = "\"${SRCROOT}/Pods/Target Support Files/Pods-PhraseSpotterSwiftSample/Pods-PhraseSpotterSwiftSample-resources.sh\"\n";
			showEnvVarsInLog = 0;
		};
		F4C173350F5E4F292426FA72 /* [CP] Check Pods Manifest.lock */ = {
			isa = PBXShellScriptBuildPhase;
			buildActionMask = 2147483647;
			files = (
			);
			inputPaths = (
				"${PODS_PODFILE_DIR_PATH}/Podfile.lock",
				"${PODS_ROOT}/Manifest.lock",
			);
			name = "[CP] Check Pods Manifest.lock";
			outputPaths = (
				"$(DERIVED_FILE_DIR)/Pods-PhraseSpotterSwiftSample-checkManifestLockResult.txt",
			);
			runOnlyForDeploymentPostprocessing = 0;
			shellPath = /bin/sh;
			shellScript = "diff \"${PODS_PODFILE_DIR_PATH}/Podfile.lock\" \"${PODS_ROOT}/Manifest.lock\" > /dev/null\nif [ $? != 0 ] ; then\n    # print error to STDERR\n    echo \"error: The sandbox is not in sync with the Podfile.lock. Run 'pod install' or update your CocoaPods installation.\" >&2\n    exit 1\nfi\n# This output is used by Xcode 'outputs' to avoid re-running this script phase.\necho \"SUCCESS\" > \"${SCRIPT_OUTPUT_FILE_0}\"\n";
			showEnvVarsInLog = 0;
		};
/* End PBXShellScriptBuildPhase section */

/* Begin PBXSourcesBuildPhase section */
		2635F9BA1DAF9EF600001201 /* Sources */ = {
			isa = PBXSourcesBuildPhase;
			buildActionMask = 2147483647;
			files = (
				2605375F1FC6B81D00E7DED5 /* YSKAppearanceSettings.swift in Sources */,
				260537601FC6B81D00E7DED5 /* YSKButton.swift in Sources */,
				2635F9D91DAFA2B800001201 /* YSKPhraseSpotterViewController.swift in Sources */,
				260537621FC6B81D00E7DED5 /* UIColor+Hex.swift in Sources */,
				2635F9C21DAF9EF600001201 /* AppDelegate.swift in Sources */,
				260537611FC6B81D00E7DED5 /* YSKTextView.swift in Sources */,
			);
			runOnlyForDeploymentPostprocessing = 0;
		};
/* End PBXSourcesBuildPhase section */

/* Begin PBXVariantGroup section */
		2635F9D31DAFA14F00001201 /* LaunchScreen.storyboard */ = {
			isa = PBXVariantGroup;
			children = (
				2635F9D41DAFA14F00001201 /* Base */,
			);
			name = LaunchScreen.storyboard;
			sourceTree = "<group>";
		};
/* End PBXVariantGroup section */

/* Begin XCBuildConfiguration section */
		2635F9CE1DAF9EF600001201 /* Debug */ = {
			isa = XCBuildConfiguration;
			buildSettings = {
				ALWAYS_SEARCH_USER_PATHS = NO;
				CLANG_ANALYZER_NONNULL = YES;
				CLANG_CXX_LANGUAGE_STANDARD = "gnu++0x";
				CLANG_CXX_LIBRARY = "libc++";
				CLANG_ENABLE_MODULES = YES;
				CLANG_ENABLE_OBJC_ARC = YES;
				CLANG_WARN_BLOCK_CAPTURE_AUTORELEASING = YES;
				CLANG_WARN_BOOL_CONVERSION = YES;
				CLANG_WARN_COMMA = YES;
				CLANG_WARN_CONSTANT_CONVERSION = YES;
				CLANG_WARN_DIRECT_OBJC_ISA_USAGE = YES_ERROR;
				CLANG_WARN_DOCUMENTATION_COMMENTS = YES;
				CLANG_WARN_EMPTY_BODY = YES;
				CLANG_WARN_ENUM_CONVERSION = YES;
				CLANG_WARN_INFINITE_RECURSION = YES;
				CLANG_WARN_INT_CONVERSION = YES;
				CLANG_WARN_NON_LITERAL_NULL_CONVERSION = YES;
				CLANG_WARN_OBJC_LITERAL_CONVERSION = YES;
				CLANG_WARN_OBJC_ROOT_CLASS = YES_ERROR;
				CLANG_WARN_RANGE_LOOP_ANALYSIS = YES;
				CLANG_WARN_STRICT_PROTOTYPES = YES;
				CLANG_WARN_SUSPICIOUS_MOVE = YES;
				CLANG_WARN_SUSPICIOUS_MOVES = YES;
				CLANG_WARN_UNREACHABLE_CODE = YES;
				CLANG_WARN__DUPLICATE_METHOD_MATCH = YES;
				"CODE_SIGN_IDENTITY[sdk=iphoneos*]" = "iPhone Developer";
				COPY_PHASE_STRIP = NO;
				DEBUG_INFORMATION_FORMAT = dwarf;
				ENABLE_STRICT_OBJC_MSGSEND = YES;
				ENABLE_TESTABILITY = YES;
				GCC_C_LANGUAGE_STANDARD = gnu99;
				GCC_DYNAMIC_NO_PIC = NO;
				GCC_NO_COMMON_BLOCKS = YES;
				GCC_OPTIMIZATION_LEVEL = 0;
				GCC_PREPROCESSOR_DEFINITIONS = (
					"DEBUG=1",
					"$(inherited)",
				);
				GCC_WARN_64_TO_32_BIT_CONVERSION = YES;
				GCC_WARN_ABOUT_RETURN_TYPE = YES_ERROR;
				GCC_WARN_UNDECLARED_SELECTOR = YES;
				GCC_WARN_UNINITIALIZED_AUTOS = YES_AGGRESSIVE;
				GCC_WARN_UNUSED_FUNCTION = YES;
				GCC_WARN_UNUSED_VARIABLE = YES;
				IPHONEOS_DEPLOYMENT_TARGET = 10.0;
				MTL_ENABLE_DEBUG_INFO = YES;
				ONLY_ACTIVE_ARCH = YES;
				SDKROOT = iphoneos;
				SWIFT_ACTIVE_COMPILATION_CONDITIONS = DEBUG;
				SWIFT_OPTIMIZATION_LEVEL = "-Onone";
				TARGETED_DEVICE_FAMILY = "1,2";
			};
			name = Debug;
		};
		2635F9CF1DAF9EF600001201 /* Release */ = {
			isa = XCBuildConfiguration;
			buildSettings = {
				ALWAYS_SEARCH_USER_PATHS = NO;
				CLANG_ANALYZER_NONNULL = YES;
				CLANG_CXX_LANGUAGE_STANDARD = "gnu++0x";
				CLANG_CXX_LIBRARY = "libc++";
				CLANG_ENABLE_MODULES = YES;
				CLANG_ENABLE_OBJC_ARC = YES;
				CLANG_WARN_BLOCK_CAPTURE_AUTORELEASING = YES;
				CLANG_WARN_BOOL_CONVERSION = YES;
				CLANG_WARN_COMMA = YES;
				CLANG_WARN_CONSTANT_CONVERSION = YES;
				CLANG_WARN_DIRECT_OBJC_ISA_USAGE = YES_ERROR;
				CLANG_WARN_DOCUMENTATION_COMMENTS = YES;
				CLANG_WARN_EMPTY_BODY = YES;
				CLANG_WARN_ENUM_CONVERSION = YES;
				CLANG_WARN_INFINITE_RECURSION = YES;
				CLANG_WARN_INT_CONVERSION = YES;
				CLANG_WARN_NON_LITERAL_NULL_CONVERSION = YES;
				CLANG_WARN_OBJC_LITERAL_CONVERSION = YES;
				CLANG_WARN_OBJC_ROOT_CLASS = YES_ERROR;
				CLANG_WARN_RANGE_LOOP_ANALYSIS = YES;
				CLANG_WARN_STRICT_PROTOTYPES = YES;
				CLANG_WARN_SUSPICIOUS_MOVE = YES;
				CLANG_WARN_SUSPICIOUS_MOVES = YES;
				CLANG_WARN_UNREACHABLE_CODE = YES;
				CLANG_WARN__DUPLICATE_METHOD_MATCH = YES;
				"CODE_SIGN_IDENTITY[sdk=iphoneos*]" = "iPhone Developer";
				COPY_PHASE_STRIP = NO;
				DEBUG_INFORMATION_FORMAT = "dwarf-with-dsym";
				ENABLE_NS_ASSERTIONS = NO;
				ENABLE_STRICT_OBJC_MSGSEND = YES;
				GCC_C_LANGUAGE_STANDARD = gnu99;
				GCC_NO_COMMON_BLOCKS = YES;
				GCC_WARN_64_TO_32_BIT_CONVERSION = YES;
				GCC_WARN_ABOUT_RETURN_TYPE = YES_ERROR;
				GCC_WARN_UNDECLARED_SELECTOR = YES;
				GCC_WARN_UNINITIALIZED_AUTOS = YES_AGGRESSIVE;
				GCC_WARN_UNUSED_FUNCTION = YES;
				GCC_WARN_UNUSED_VARIABLE = YES;
				IPHONEOS_DEPLOYMENT_TARGET = 10.0;
				MTL_ENABLE_DEBUG_INFO = NO;
				SDKROOT = iphoneos;
				SWIFT_OPTIMIZATION_LEVEL = "-Owholemodule";
				TARGETED_DEVICE_FAMILY = "1,2";
				VALIDATE_PRODUCT = YES;
			};
			name = Release;
		};
		2635F9D11DAF9EF600001201 /* Debug */ = {
			isa = XCBuildConfiguration;
			baseConfigurationReference = A2E6E6392DAD636A37C466DA /* Pods-PhraseSpotterSwiftSample.debug.xcconfig */;
			buildSettings = {
				ASSETCATALOG_COMPILER_APPICON_NAME = AppIcon;
				DEVELOPMENT_TEAM = "";
				INFOPLIST_FILE = PhraseSpotterSwiftSample/Info.plist;
				IPHONEOS_DEPLOYMENT_TARGET = 9.0;
				LD_RUNPATH_SEARCH_PATHS = "$(inherited) @executable_path/Frameworks";
				PRODUCT_BUNDLE_IDENTIFIER = com.yandex.speechkit.PhraseSpotterSwiftSample;
				PRODUCT_NAME = PhraseSpotter;
				SWIFT_OBJC_BRIDGING_HEADER = "$(SRCROOT)/PhraseSpotterSwiftSample/PhraseSpotterSwiftSample-Bridging-Header.h";
				SWIFT_SWIFT3_OBJC_INFERENCE = Default;
				SWIFT_VERSION = 4.0;
			};
			name = Debug;
		};
		2635F9D21DAF9EF600001201 /* Release */ = {
			isa = XCBuildConfiguration;
			baseConfigurationReference = F65FFF91510832457B1FAB8D /* Pods-PhraseSpotterSwiftSample.release.xcconfig */;
			buildSettings = {
				ASSETCATALOG_COMPILER_APPICON_NAME = AppIcon;
				DEVELOPMENT_TEAM = "";
				INFOPLIST_FILE = PhraseSpotterSwiftSample/Info.plist;
				IPHONEOS_DEPLOYMENT_TARGET = 9.0;
				LD_RUNPATH_SEARCH_PATHS = "$(inherited) @executable_path/Frameworks";
				PRODUCT_BUNDLE_IDENTIFIER = com.yandex.speechkit.PhraseSpotterSwiftSample;
				PRODUCT_NAME = PhraseSpotter;
				SWIFT_OBJC_BRIDGING_HEADER = "$(SRCROOT)/PhraseSpotterSwiftSample/PhraseSpotterSwiftSample-Bridging-Header.h";
				SWIFT_SWIFT3_OBJC_INFERENCE = Default;
				SWIFT_VERSION = 4.0;
			};
			name = Release;
		};
/* End XCBuildConfiguration section */

/* Begin XCConfigurationList section */
		2635F9B91DAF9EF600001201 /* Build configuration list for PBXProject "PhraseSpotterSwiftSample" */ = {
			isa = XCConfigurationList;
			buildConfigurations = (
				2635F9CE1DAF9EF600001201 /* Debug */,
				2635F9CF1DAF9EF600001201 /* Release */,
			);
			defaultConfigurationIsVisible = 0;
			defaultConfigurationName = Release;
		};
		2635F9D01DAF9EF600001201 /* Build configuration list for PBXNativeTarget "PhraseSpotterSwiftSample" */ = {
			isa = XCConfigurationList;
			buildConfigurations = (
				2635F9D11DAF9EF600001201 /* Debug */,
				2635F9D21DAF9EF600001201 /* Release */,
			);
			defaultConfigurationIsVisible = 0;
			defaultConfigurationName = Release;
		};
/* End XCConfigurationList section */
	};
	rootObject = 2635F9B61DAF9EF600001201 /* Project object */;
}
